{
  "version": "2",
  "remote": {
    "https://deno.land/x/masx200_weighted_randomly_select@2.1.1/mod.ts": "5d7fee96350e0df360363b8b5b3c784251248e6dfcc355c7e0639cb20a1e895b",
    "https://deno.land/x/masx200_weighted_randomly_select@2.1.1/src/index.ts": "7441a8a37df57a178fd1dd6b08de9eb192899a4068622b63b50995e1e7a89ad5",
    "https://deno.land/x/wrand@v1.2.0/index.ts": "5c9977efa424a8efffc1e0d29b8d9ef81a6009c0362c303d87030b320aa58a55",
    "https://deno.land/x/wrand@v1.2.0/mod.ts": "882e3724ca160624f934070ead4633e971f81a90dcedc03a428f20769e96307b",
    "https://deno.land/x/wrand@v1.2.0/randomPicker.ts": "6cb3ec2337b5a9541b08fdcbaba09a713320ab65c5cce5adf6e85c33927ce1c5",
    "https://deno.land/x/wrand@v1.2.0/types.ts": "a3b3cf0aeb14bbef59aa19b6b55f4380cfcf3e9de59fc91634c47cafe0d70db0",
    "https://esm.sh/random-weighted-choice@0.1.4": "b4484b67632652fc016ace6eba09117eec9ccd08e79539fac931f616989936d9",
    "https://esm.sh/v120/random-weighted-choice@0.1.4/deno/random-weighted-choice.mjs": "4b6be6cad95dcb34a4d849bb6eca8ebf7e8e22cbee266f2794a789758435e723",
    "https://esm.sh/v120/weighted-randomly-select@1.0.6/deno/weighted-randomly-select.mjs": "480577afab24a2fe4b5ae41c8ab81771341aa975602745f9aa0adb3f94b4f8b4",
    "https://esm.sh/weighted-randomly-select@1.0.6": "ae1ed54e8016d7b1737c542d8f8af7569df6710210628fd8a20f74e3b75dc763"
  }
}
